
Microsoft Visual Studio Solution File, Format Version 12.00
# Visual Studio Version 17
VisualStudioVersion = 17.13.35806.99
MinimumVisualStudioVersion = 10.0.40219.1
Project("{FAE04EC0-301F-11D3-BF4B-00C04F79EFBC}") = "EcommercePuntoSano", "EcommercePuntoSano\EcommercePuntoSano.csproj", "{39AF1A83-B78A-42B7-AF4F-8D15C0F7A327}"
EndProject
Project("{FAE04EC0-301F-11D3-BF4B-00C04F79EFBC}") = "Ecommerce.DataAccess", "Ecommerce.DataAccess\Ecommerce.DataAccess.csproj", "{9AC1E144-9362-4020-B23D-4AFBF18C109E}"
EndProject
Project("{FAE04EC0-301F-11D3-BF4B-00C04F79EFBC}") = "Ecommerce.Models", "Ecommerce.Models\Ecommerce.Models.csproj", "{505F1404-976E-4236-B5F7-A8129B509E44}"
EndProject
Project("{FAE04EC0-301F-11D3-BF4B-00C04F79EFBC}") = "Ecommerce.Utility", "Ecommerce.Utility\Ecommerce.Utility.csproj", "{46CAAEE7-DD9C-4887-B671-0D3FB34263E9}"
EndProject
Global
	GlobalSection(SolutionConfigurationPlatforms) = preSolution
		Debug|Any CPU = Debug|Any CPU
		Release|Any CPU = Release|Any CPU
	EndGlobalSection
	GlobalSection(ProjectConfigurationPlatforms) = postSolution
		{39AF1A83-B78A-42B7-AF4F-8D15C0F7A327}.Debug|Any CPU.ActiveCfg = Debug|Any CPU
		{39AF1A83-B78A-42B7-AF4F-8D15C0F7A327}.Debug|Any CPU.Build.0 = Debug|Any CPU
		{39AF1A83-B78A-42B7-AF4F-8D15C0F7A327}.Release|Any CPU.ActiveCfg = Release|Any CPU
		{39AF1A83-B78A-42B7-AF4F-8D15C0F7A327}.Release|Any CPU.Build.0 = Release|Any CPU
		{9AC1E144-9362-4020-B23D-4AFBF18C109E}.Debug|Any CPU.ActiveCfg = Debug|Any CPU
		{9AC1E144-9362-4020-B23D-4AFBF18C109E}.Debug|Any CPU.Build.0 = Debug|Any CPU
		{9AC1E144-9362-4020-B23D-4AFBF18C109E}.Release|Any CPU.ActiveCfg = Release|Any CPU
		{9AC1E144-9362-4020-B23D-4AFBF18C109E}.Release|Any CPU.Build.0 = Release|Any CPU
		{505F1404-976E-4236-B5F7-A8129B509E44}.Debug|Any CPU.ActiveCfg = Debug|Any CPU
		{505F1404-976E-4236-B5F7-A8129B509E44}.Debug|Any CPU.Build.0 = Debug|Any CPU
		{505F1404-976E-4236-B5F7-A8129B509E44}.Release|Any CPU.ActiveCfg = Release|Any CPU
		{505F1404-976E-4236-B5F7-A8129B509E44}.Release|Any CPU.Build.0 = Release|Any CPU
		{46CAAEE7-DD9C-4887-B671-0D3FB34263E9}.Debug|Any CPU.ActiveCfg = Debug|Any CPU
		{46CAAEE7-DD9C-4887-B671-0D3FB34263E9}.Debug|Any CPU.Build.0 = Debug|Any CPU
		{46CAAEE7-DD9C-4887-B671-0D3FB34263E9}.Release|Any CPU.ActiveCfg = Release|Any CPU
		{46CAAEE7-DD9C-4887-B671-0D3FB34263E9}.Release|Any CPU.Build.0 = Release|Any CPU
	EndGlobalSection
	GlobalSection(SolutionProperties) = preSolution
		HideSolutionNode = FALSE
	EndGlobalSection
	GlobalSection(ExtensibilityGlobals) = postSolution
		SolutionGuid = {5BA3DDFA-F389-40E4-9DCA-6F3CE46A35E7}
	EndGlobalSection
EndGlobal
